
Microsoft Visual Studio Solution File, Format Version 12.00
# Visual Studio Version 17
VisualStudioVersion = 17.9.34723.18
MinimumVisualStudioVersion = 10.0.40219.1
Project("{FAE04EC0-301F-11D3-BF4B-00C04F79EFBC}") = "Playstation_4ITB1", "Playstation_4ITB1\Playstation_4ITB1.csproj", "{9B69D270-EDD2-421B-A83A-7A80E9F05862}"
EndProject
Global
	GlobalSection(SolutionConfigurationPlatforms) = preSolution
		Debug|Any CPU = Debug|Any CPU
		Release|Any CPU = Release|Any CPU
	EndGlobalSection
	GlobalSection(ProjectConfigurationPlatforms) = postSolution
		{9B69D270-EDD2-421B-A83A-7A80E9F05862}.Debug|Any CPU.ActiveCfg = Debug|Any CPU
		{9B69D270-EDD2-421B-A83A-7A80E9F05862}.Debug|Any CPU.Build.0 = Debug|Any CPU
		{9B69D270-EDD2-421B-A83A-7A80E9F05862}.Release|Any CPU.ActiveCfg = Release|Any CPU
		{9B69D270-EDD2-421B-A83A-7A80E9F05862}.Release|Any CPU.Build.0 = Release|Any CPU
	EndGlobalSection
	GlobalSection(SolutionProperties) = preSolution
		HideSolutionNode = FALSE
	EndGlobalSection
	GlobalSection(ExtensibilityGlobals) = postSolution
		SolutionGuid = {15EB913A-72D4-4F5C-83B2-72D30E502BB8}
	EndGlobalSection
EndGlobal
